PODS:
  - Alamofire (5.9.1)
  - Kingfisher (6.3.1)
  - Realm (10.52.0):
    - Realm/Headers (= 10.52.0)
  - Realm/Headers (10.52.0)
  - RealmSwift (10.52.0):
    - Realm (= 10.52.0)

DEPENDENCIES:
  - Alamofire (~> 5.4)
  - Kingfisher (~> 6.3)
  - RealmSwift (~> 10.20)

SPEC REPOS:
  trunk:
    - Alamofire
    - Kingfisher
    - Realm
    - RealmSwift

SPEC CHECKSUMS:
  Alamofire: f36a35757af4587d8e4f4bfa223ad10be2422b8c
  Kingfisher: 016c8b653a35add51dd34a3aba36b580041acc74
  Realm: d1903aeb0b3585d810656c2ea04212bc1936ebc7
  RealmSwift: f7a85c86e61c6da6f6ef334778af3d133b0edf28

PODFILE CHECKSUM: 00944106e9223349260f7ab441ff38538e5bc86f

COCOAPODS: 1.15.2
