// !$*UTF8*$!
{
	archiveVersion = 1;
	classes = {
	};
	objectVersion = 56;
	objects = {

/* Begin PBXBuildFile section */
		3D7D8E87F76D3992896FC023 /* Pods_moviefindassgn.framework in Frameworks */ = {isa = PBXBuildFile; fileRef = 5C9E4EB2CCC7CA4E59E996E6 /* Pods_moviefindassgn.framework */; };
		DE851C8C2C2E172A00A9B582 /* AppDelegate.swift in Sources */ = {isa = PBXBuildFile; fileRef = DE851C8B2C2E172A00A9B582 /* AppDelegate.swift */; };
		DE851C8E2C2E172A00A9B582 /* SceneDelegate.swift in Sources */ = {isa = PBXBuildFile; fileRef = DE851C8D2C2E172A00A9B582 /* SceneDelegate.swift */; };
		DE851C902C2E172A00A9B582 /* ViewController.swift in Sources */ = {isa = PBXBuildFile; fileRef = DE851C8F2C2E172A00A9B582 /* ViewController.swift */; };
		DE851C932C2E172A00A9B582 /* Base in Resources */ = {isa = PBXBuildFile; fileRef = DE851C922C2E172A00A9B582 /* Base */; };
		DE851C952C2E172C00A9B582 /* Assets.xcassets in Resources */ = {isa = PBXBuildFile; fileRef = DE851C942C2E172C00A9B582 /* Assets.xcassets */; };
		DE851C982C2E172C00A9B582 /* Base in Resources */ = {isa = PBXBuildFile; fileRef = DE851C972C2E172C00A9B582 /* Base */; };
/* End PBXBuildFile section */

/* Begin PBXFileReference section */
		5C9E4EB2CCC7CA4E59E996E6 /* Pods_moviefindassgn.framework */ = {isa = PBXFileReference; explicitFileType = wrapper.framework; includeInIndex = 0; path = Pods_moviefindassgn.framework; sourceTree = BUILT_PRODUCTS_DIR; };
		63C0D30943996F2709F1FA59 /* Pods-moviefindassgn.release.xcconfig */ = {isa = PBXFileReference; includeInIndex = 1; lastKnownFileType = text.xcconfig; name = "Pods-moviefindassgn.release.xcconfig"; path = "Target Support Files/Pods-moviefindassgn/Pods-moviefindassgn.release.xcconfig"; sourceTree = "<group>"; };
		DE851C882C2E172A00A9B582 /* moviefindassgn.app */ = {isa = PBXFileReference; explicitFileType = wrapper.application; includeInIndex = 0; path = moviefindassgn.app; sourceTree = BUILT_PRODUCTS_DIR; };
		DE851C8B2C2E172A00A9B582 /* AppDelegate.swift */ = {isa = PBXFileReference; lastKnownFileType = sourcecode.swift; path = AppDelegate.swift; sourceTree = "<group>"; };
		DE851C8D2C2E172A00A9B582 /* SceneDelegate.swift */ = {isa = PBXFileReference; lastKnownFileType = sourcecode.swift; path = SceneDelegate.swift; sourceTree = "<group>"; };
		DE851C8F2C2E172A00A9B582 /* ViewController.swift */ = {isa = PBXFileReference; lastKnownFileType = sourcecode.swift; path = ViewController.swift; sourceTree = "<group>"; };
		DE851C922C2E172A00A9B582 /* Base */ = {isa = PBXFileReference; lastKnownFileType = file.storyboard; name = Base; path = Base.lproj/Main.storyboard; sourceTree = "<group>"; };
		DE851C942C2E172C00A9B582 /* Assets.xcassets */ = {isa = PBXFileReference; lastKnownFileType = folder.assetcatalog; path = Assets.xcassets; sourceTree = "<group>"; };
		DE851C972C2E172C00A9B582 /* Base */ = {isa = PBXFileReference; lastKnownFileType = file.storyboard; name = Base; path = Base.lproj/LaunchScreen.storyboard; sourceTree = "<group>"; };
		DE851C992C2E172C00A9B582 /* Info.plist */ = {isa = PBXFileReference; lastKnownFileType = text.plist.xml; path = Info.plist; sourceTree = "<group>"; };
		E9A60BA066F32FAE6AE40EE2 /* Pods-moviefindassgn.debug.xcconfig */ = {isa = PBXFileReference; includeInIndex = 1; lastKnownFileType = text.xcconfig; name = "Pods-moviefindassgn.debug.xcconfig"; path = "Target Support Files/Pods-moviefindassgn/Pods-moviefindassgn.debug.xcconfig"; sourceTree = "<group>"; };
/* End PBXFileReference section */

/* Begin PBXFrameworksBuildPhase section */
		DE851C852C2E172A00A9B582 /* Frameworks */ = {
			isa = PBXFrameworksBuildPhase;
			buildActionMask = 2147483647;
			files = (
				3D7D8E87F76D3992896FC023 /* Pods_moviefindassgn.framework in Frameworks */,
			);
			runOnlyForDeploymentPostprocessing = 0;
		};
/* End PBXFrameworksBuildPhase section */

/* Begin PBXGroup section */
		7A88C0FF77D74E94432E23E4 /* Pods */ = {
			isa = PBXGroup;
			children = (
				E9A60BA066F32FAE6AE40EE2 /* Pods-moviefindassgn.debug.xcconfig */,
				63C0D30943996F2709F1FA59 /* Pods-moviefindassgn.release.xcconfig */,
			);
			path = Pods;
			sourceTree = "<group>";
		};
		DE851C7F2C2E172A00A9B582 = {
			isa = PBXGroup;
			children = (
				DE851C8A2C2E172A00A9B582 /* moviefindassgn */,
				DE851C892C2E172A00A9B582 /* Products */,
				7A88C0FF77D74E94432E23E4 /* Pods */,
				F033ED0D2F9099186FA7D268 /* Frameworks */,
			);
			sourceTree = "<group>";
		};
		DE851C892C2E172A00A9B582 /* Products */ = {
			isa = PBXGroup;
			children = (
				DE851C882C2E172A00A9B582 /* moviefindassgn.app */,
			);
			name = Products;
			sourceTree = "<group>";
		};
		DE851C8A2C2E172A00A9B582 /* moviefindassgn */ = {
			isa = PBXGroup;
			children = (
				DE851C8B2C2E172A00A9B582 /* AppDelegate.swift */,
				DE851C8D2C2E172A00A9B582 /* SceneDelegate.swift */,
				DE851C8F2C2E172A00A9B582 /* ViewController.swift */,
				DE851C912C2E172A00A9B582 /* Main.storyboard */,
				DE851C942C2E172C00A9B582 /* Assets.xcassets */,
				DE851C962C2E172C00A9B582 /* LaunchScreen.storyboard */,
				DE851C992C2E172C00A9B582 /* Info.plist */,
			);
			path = moviefindassgn;
			sourceTree = "<group>";
		};
		F033ED0D2F9099186FA7D268 /* Frameworks */ = {
			isa = PBXGroup;
			children = (
				5C9E4EB2CCC7CA4E59E996E6 /* Pods_moviefindassgn.framework */,
			);
			name = Frameworks;
			sourceTree = "<group>";
		};
/* End PBXGroup section */

/* Begin PBXNativeTarget section */
		DE851C872C2E172A00A9B582 /* moviefindassgn */ = {
			isa = PBXNativeTarget;
			buildConfigurationList = DE851C9C2C2E172C00A9B582 /* Build configuration list for PBXNativeTarget "moviefindassgn" */;
			buildPhases = (
				AFEFE0F52FCD8A5175631929 /* [CP] Check Pods Manifest.lock */,
				DE851C842C2E172A00A9B582 /* Sources */,
				DE851C852C2E172A00A9B582 /* Frameworks */,
				DE851C862C2E172A00A9B582 /* Resources */,
				E3EB06A2C9EDAAAF7B8A9D14 /* [CP] Embed Pods Frameworks */,
			);
			buildRules = (
			);
			dependencies = (
			);
			name = moviefindassgn;
			productName = moviefindassgn;
			productReference = DE851C882C2E172A00A9B582 /* moviefindassgn.app */;
			productType = "com.apple.product-type.application";
		};
/* End PBXNativeTarget section */

/* Begin PBXProject section */
		DE851C802C2E172A00A9B582 /* Project object */ = {
			isa = PBXProject;
			attributes = {
				BuildIndependentTargetsInParallel = 1;
				LastSwiftUpdateCheck = 1540;
				LastUpgradeCheck = 1540;
				TargetAttributes = {
					DE851C872C2E172A00A9B582 = {
						CreatedOnToolsVersion = 15.4;
					};
				};
			};
			buildConfigurationList = DE851C832C2E172A00A9B582 /* Build configuration list for PBXProject "moviefindassgn" */;
			compatibilityVersion = "Xcode 14.0";
			developmentRegion = en;
			hasScannedForEncodings = 0;
			knownRegions = (
				en,
				Base,
			);
			mainGroup = DE851C7F2C2E172A00A9B582;
			productRefGroup = DE851C892C2E172A00A9B582 /* Products */;
			projectDirPath = "";
			projectRoot = "";
			targets = (
				DE851C872C2E172A00A9B582 /* moviefindassgn */,
			);
		};
/* End PBXProject section */

/* Begin PBXResourcesBuildPhase section */
		DE851C862C2E172A00A9B582 /* Resources */ = {
			isa = PBXResourcesBuildPhase;
			buildActionMask = 2147483647;
			files = (
				DE851C952C2E172C00A9B582 /* Assets.xcassets in Resources */,
				DE851C982C2E172C00A9B582 /* Base in Resources */,
				DE851C932C2E172A00A9B582 /* Base in Resources */,
			);
			runOnlyForDeploymentPostprocessing = 0;
		};
/* End PBXResourcesBuildPhase section */

/* Begin PBXShellScriptBuildPhase section */
		AFEFE0F52FCD8A5175631929 /* [CP] Check Pods Manifest.lock */ = {
			isa = PBXShellScriptBuildPhase;
			buildActionMask = 2147483647;
			files = (
			);
			inputFileListPaths = (
			);
			inputPaths = (
				"${PODS_PODFILE_DIR_PATH}/Podfile.lock",
				"${PODS_ROOT}/Manifest.lock",
			);
			name = "[CP] Check Pods Manifest.lock";
			outputFileListPaths = (
			);
			outputPaths = (
				"$(DERIVED_FILE_DIR)/Pods-moviefindassgn-checkManifestLockResult.txt",
			);
			runOnlyForDeploymentPostprocessing = 0;
			shellPath = /bin/sh;
			shellScript = "diff \"${PODS_PODFILE_DIR_PATH}/Podfile.lock\" \"${PODS_ROOT}/Manifest.lock\" > /dev/null\nif [ $? != 0 ] ; then\n    # print error to STDERR\n    echo \"error: The sandbox is not in sync with the Podfile.lock. Run 'pod install' or update your CocoaPods installation.\" >&2\n    exit 1\nfi\n# This output is used by Xcode 'outputs' to avoid re-running this script phase.\necho \"SUCCESS\" > \"${SCRIPT_OUTPUT_FILE_0}\"\n";
			showEnvVarsInLog = 0;
		};
		E3EB06A2C9EDAAAF7B8A9D14 /* [CP] Embed Pods Frameworks */ = {
			isa = PBXShellScriptBuildPhase;
			buildActionMask = 2147483647;
			files = (
			);
			inputFileListPaths = (
				"${PODS_ROOT}/Target Support Files/Pods-moviefindassgn/Pods-moviefindassgn-frameworks-${CONFIGURATION}-input-files.xcfilelist",
			);
			name = "[CP] Embed Pods Frameworks";
			outputFileListPaths = (
				"${PODS_ROOT}/Target Support Files/Pods-moviefindassgn/Pods-moviefindassgn-frameworks-${CONFIGURATION}-output-files.xcfilelist",
			);
			runOnlyForDeploymentPostprocessing = 0;
			shellPath = /bin/sh;
			shellScript = "\"${PODS_ROOT}/Target Support Files/Pods-moviefindassgn/Pods-moviefindassgn-frameworks.sh\"\n";
			showEnvVarsInLog = 0;
		};
/* End PBXShellScriptBuildPhase section */

/* Begin PBXSourcesBuildPhase section */
		DE851C842C2E172A00A9B582 /* Sources */ = {
			isa = PBXSourcesBuildPhase;
			buildActionMask = 2147483647;
			files = (
				DE851C902C2E172A00A9B582 /* ViewController.swift in Sources */,
				DE851C8C2C2E172A00A9B582 /* AppDelegate.swift in Sources */,
				DE851C8E2C2E172A00A9B582 /* SceneDelegate.swift in Sources */,
			);
			runOnlyForDeploymentPostprocessing = 0;
		};
/* End PBXSourcesBuildPhase section */

/* Begin PBXVariantGroup section */
		DE851C912C2E172A00A9B582 /* Main.storyboard */ = {
			isa = PBXVariantGroup;
			children = (
				DE851C922C2E172A00A9B582 /* Base */,
			);
			name = Main.storyboard;
			sourceTree = "<group>";
		};
		DE851C962C2E172C00A9B582 /* LaunchScreen.storyboard */ = {
			isa = PBXVariantGroup;
			children = (
				DE851C972C2E172C00A9B582 /* Base */,
			);
			name = LaunchScreen.storyboard;
			sourceTree = "<group>";
		};
/* End PBXVariantGroup section */

/* Begin XCBuildConfiguration section */
		DE851C9A2C2E172C00A9B582 /* Debug */ = {
			isa = XCBuildConfiguration;
			buildSettings = {
				ALWAYS_SEARCH_USER_PATHS = NO;
				ASSETCATALOG_COMPILER_GENERATE_SWIFT_ASSET_SYMBOL_EXTENSIONS = YES;
				CLANG_ANALYZER_NONNULL = YES;
				CLANG_ANALYZER_NUMBER_OBJECT_CONVERSION = YES_AGGRESSIVE;
				CLANG_CXX_LANGUAGE_STANDARD = "gnu++20";
				CLANG_ENABLE_MODULES = YES;
				CLANG_ENABLE_OBJC_ARC = YES;
				CLANG_ENABLE_OBJC_WEAK = YES;
				CLANG_WARN_BLOCK_CAPTURE_AUTORELEASING = YES;
				CLANG_WARN_BOOL_CONVERSION = YES;
				CLANG_WARN_COMMA = YES;
				CLANG_WARN_CONSTANT_CONVERSION = YES;
				CLANG_WARN_DEPRECATED_OBJC_IMPLEMENTATIONS = YES;
				CLANG_WARN_DIRECT_OBJC_ISA_USAGE = YES_ERROR;
				CLANG_WARN_DOCUMENTATION_COMMENTS = YES;
				CLANG_WARN_EMPTY_BODY = YES;
				CLANG_WARN_ENUM_CONVERSION = YES;
				CLANG_WARN_INFINITE_RECURSION = YES;
				CLANG_WARN_INT_CONVERSION = YES;
				CLANG_WARN_NON_LITERAL_NULL_CONVERSION = YES;
				CLANG_WARN_OBJC_IMPLICIT_RETAIN_SELF = YES;
				CLANG_WARN_OBJC_LITERAL_CONVERSION = YES;
				CLANG_WARN_OBJC_ROOT_CLASS = YES_ERROR;
				CLANG_WARN_QUOTED_INCLUDE_IN_FRAMEWORK_HEADER = YES;
				CLANG_WARN_RANGE_LOOP_ANALYSIS = YES;
				CLANG_WARN_STRICT_PROTOTYPES = YES;
				CLANG_WARN_SUSPICIOUS_MOVE = YES;
				CLANG_WARN_UNGUARDED_AVAILABILITY = YES_AGGRESSIVE;
				CLANG_WARN_UNREACHABLE_CODE = YES;
				CLANG_WARN__DUPLICATE_METHOD_MATCH = YES;
				COPY_PHASE_STRIP = NO;
				DEBUG_INFORMATION_FORMAT = dwarf;
				ENABLE_STRICT_OBJC_MSGSEND = YES;
				ENABLE_TESTABILITY = YES;
				ENABLE_USER_SCRIPT_SANDBOXING = YES;
				GCC_C_LANGUAGE_STANDARD = gnu17;
				GCC_DYNAMIC_NO_PIC = NO;
				GCC_NO_COMMON_BLOCKS = YES;
				GCC_OPTIMIZATION_LEVEL = 0;
				GCC_PREPROCESSOR_DEFINITIONS = (
					"DEBUG=1",
					"$(inherited)",
				);
				GCC_WARN_64_TO_32_BIT_CONVERSION = YES;
				GCC_WARN_ABOUT_RETURN_TYPE = YES_ERROR;
				GCC_WARN_UNDECLARED_SELECTOR = YES;
				GCC_WARN_UNINITIALIZED_AUTOS = YES_AGGRESSIVE;
				GCC_WARN_UNUSED_FUNCTION = YES;
				GCC_WARN_UNUSED_VARIABLE = YES;
				IPHONEOS_DEPLOYMENT_TARGET = 17.5;
				LOCALIZATION_PREFERS_STRING_CATALOGS = YES;
				MTL_ENABLE_DEBUG_INFO = INCLUDE_SOURCE;
				MTL_FAST_MATH = YES;
				ONLY_ACTIVE_ARCH = YES;
				SDKROOT = iphoneos;
				SWIFT_ACTIVE_COMPILATION_CONDITIONS = "DEBUG $(inherited)";
				SWIFT_OPTIMIZATION_LEVEL = "-Onone";
			};
			name = Debug;
		};
		DE851C9B2C2E172C00A9B582 /* Release */ = {
			isa = XCBuildConfiguration;
			buildSettings = {
				ALWAYS_SEARCH_USER_PATHS = NO;
				ASSETCATALOG_COMPILER_GENERATE_SWIFT_ASSET_SYMBOL_EXTENSIONS = YES;
				CLANG_ANALYZER_NONNULL = YES;
				CLANG_ANALYZER_NUMBER_OBJECT_CONVERSION = YES_AGGRESSIVE;
				CLANG_CXX_LANGUAGE_STANDARD = "gnu++20";
				CLANG_ENABLE_MODULES = YES;
				CLANG_ENABLE_OBJC_ARC = YES;
				CLANG_ENABLE_OBJC_WEAK = YES;
				CLANG_WARN_BLOCK_CAPTURE_AUTORELEASING = YES;
				CLANG_WARN_BOOL_CONVERSION = YES;
				CLANG_WARN_COMMA = YES;
				CLANG_WARN_CONSTANT_CONVERSION = YES;
				CLANG_WARN_DEPRECATED_OBJC_IMPLEMENTATIONS = YES;
				CLANG_WARN_DIRECT_OBJC_ISA_USAGE = YES_ERROR;
				CLANG_WARN_DOCUMENTATION_COMMENTS = YES;
				CLANG_WARN_EMPTY_BODY = YES;
				CLANG_WARN_ENUM_CONVERSION = YES;
				CLANG_WARN_INFINITE_RECURSION = YES;
				CLANG_WARN_INT_CONVERSION = YES;
				CLANG_WARN_NON_LITERAL_NULL_CONVERSION = YES;
				CLANG_WARN_OBJC_IMPLICIT_RETAIN_SELF = YES;
				CLANG_WARN_OBJC_LITERAL_CONVERSION = YES;
				CLANG_WARN_OBJC_ROOT_CLASS = YES_ERROR;
				CLANG_WARN_QUOTED_INCLUDE_IN_FRAMEWORK_HEADER = YES;
				CLANG_WARN_RANGE_LOOP_ANALYSIS = YES;
				CLANG_WARN_STRICT_PROTOTYPES = YES;
				CLANG_WARN_SUSPICIOUS_MOVE = YES;
				CLANG_WARN_UNGUARDED_AVAILABILITY = YES_AGGRESSIVE;
				CLANG_WARN_UNREACHABLE_CODE = YES;
				CLANG_WARN__DUPLICATE_METHOD_MATCH = YES;
				COPY_PHASE_STRIP = NO;
				DEBUG_INFORMATION_FORMAT = "dwarf-with-dsym";
				ENABLE_NS_ASSERTIONS = NO;
				ENABLE_STRICT_OBJC_MSGSEND = YES;
				ENABLE_USER_SCRIPT_SANDBOXING = YES;
				GCC_C_LANGUAGE_STANDARD = gnu17;
				GCC_NO_COMMON_BLOCKS = YES;
				GCC_WARN_64_TO_32_BIT_CONVERSION = YES;
				GCC_WARN_ABOUT_RETURN_TYPE = YES_ERROR;
				GCC_WARN_UNDECLARED_SELECTOR = YES;
				GCC_WARN_UNINITIALIZED_AUTOS = YES_AGGRESSIVE;
				GCC_WARN_UNUSED_FUNCTION = YES;
				GCC_WARN_UNUSED_VARIABLE = YES;
				IPHONEOS_DEPLOYMENT_TARGET = 17.5;
				LOCALIZATION_PREFERS_STRING_CATALOGS = YES;
				MTL_ENABLE_DEBUG_INFO = NO;
				MTL_FAST_MATH = YES;
				SDKROOT = iphoneos;
				SWIFT_COMPILATION_MODE = wholemodule;
				VALIDATE_PRODUCT = YES;
			};
			name = Release;
		};
		DE851C9D2C2E172C00A9B582 /* Debug */ = {
			isa = XCBuildConfiguration;
			baseConfigurationReference = E9A60BA066F32FAE6AE40EE2 /* Pods-moviefindassgn.debug.xcconfig */;
			buildSettings = {
				ASSETCATALOG_COMPILER_APPICON_NAME = AppIcon;
				ASSETCATALOG_COMPILER_GLOBAL_ACCENT_COLOR_NAME = AccentColor;
				CODE_SIGN_STYLE = Automatic;
				CURRENT_PROJECT_VERSION = 1;
				ENABLE_USER_SCRIPT_SANDBOXING = NO;
				GENERATE_INFOPLIST_FILE = YES;
				INFOPLIST_FILE = moviefindassgn/Info.plist;
				INFOPLIST_KEY_UIApplicationSupportsIndirectInputEvents = YES;
				INFOPLIST_KEY_UILaunchStoryboardName = LaunchScreen;
				INFOPLIST_KEY_UIMainStoryboardFile = Main;
				INFOPLIST_KEY_UISupportedInterfaceOrientations_iPad = "UIInterfaceOrientationPortrait UIInterfaceOrientationPortraitUpsideDown UIInterfaceOrientationLandscapeLeft UIInterfaceOrientationLandscapeRight";
				INFOPLIST_KEY_UISupportedInterfaceOrientations_iPhone = "UIInterfaceOrientationPortrait UIInterfaceOrientationLandscapeLeft UIInterfaceOrientationLandscapeRight";
				LD_RUNPATH_SEARCH_PATHS = (
					"$(inherited)",
					"@executable_path/Frameworks",
				);
				MARKETING_VERSION = 1.0;
				PRODUCT_BUNDLE_IDENTIFIER = example.moviefindassgn;
				PRODUCT_NAME = "$(TARGET_NAME)";
				SWIFT_EMIT_LOC_STRINGS = YES;
				SWIFT_VERSION = 5.0;
				TARGETED_DEVICE_FAMILY = "1,2";
			};
			name = Debug;
		};
		DE851C9E2C2E172C00A9B582 /* Release */ = {
			isa = XCBuildConfiguration;
			baseConfigurationReference = 63C0D30943996F2709F1FA59 /* Pods-moviefindassgn.release.xcconfig */;
			buildSettings = {
				ASSETCATALOG_COMPILER_APPICON_NAME = AppIcon;
				ASSETCATALOG_COMPILER_GLOBAL_ACCENT_COLOR_NAME = AccentColor;
				CODE_SIGN_STYLE = Automatic;
				CURRENT_PROJECT_VERSION = 1;
				ENABLE_USER_SCRIPT_SANDBOXING = NO;
				GENERATE_INFOPLIST_FILE = YES;
				INFOPLIST_FILE = moviefindassgn/Info.plist;
				INFOPLIST_KEY_UIApplicationSupportsIndirectInputEvents = YES;
				INFOPLIST_KEY_UILaunchStoryboardName = LaunchScreen;
				INFOPLIST_KEY_UIMainStoryboardFile = Main;
				INFOPLIST_KEY_UISupportedInterfaceOrientations_iPad = "UIInterfaceOrientationPortrait UIInterfaceOrientationPortraitUpsideDown UIInterfaceOrientationLandscapeLeft UIInterfaceOrientationLandscapeRight";
				INFOPLIST_KEY_UISupportedInterfaceOrientations_iPhone = "UIInterfaceOrientationPortrait UIInterfaceOrientationLandscapeLeft UIInterfaceOrientationLandscapeRight";
				LD_RUNPATH_SEARCH_PATHS = (
					"$(inherited)",
					"@executable_path/Frameworks",
				);
				MARKETING_VERSION = 1.0;
				PRODUCT_BUNDLE_IDENTIFIER = example.moviefindassgn;
				PRODUCT_NAME = "$(TARGET_NAME)";
				SWIFT_EMIT_LOC_STRINGS = YES;
				SWIFT_VERSION = 5.0;
				TARGETED_DEVICE_FAMILY = "1,2";
			};
			name = Release;
		};
/* End XCBuildConfiguration section */

/* Begin XCConfigurationList section */
		DE851C832C2E172A00A9B582 /* Build configuration list for PBXProject "moviefindassgn" */ = {
			isa = XCConfigurationList;
			buildConfigurations = (
				DE851C9A2C2E172C00A9B582 /* Debug */,
				DE851C9B2C2E172C00A9B582 /* Release */,
			);
			defaultConfigurationIsVisible = 0;
			defaultConfigurationName = Release;
		};
		DE851C9C2C2E172C00A9B582 /* Build configuration list for PBXNativeTarget "moviefindassgn" */ = {
			isa = XCConfigurationList;
			buildConfigurations = (
				DE851C9D2C2E172C00A9B582 /* Debug */,
				DE851C9E2C2E172C00A9B582 /* Release */,
			);
			defaultConfigurationIsVisible = 0;
			defaultConfigurationName = Release;
		};
/* End XCConfigurationList section */
	};
	rootObject = DE851C802C2E172A00A9B582 /* Project object */;
}
